// !$*UTF8*$!
{
	archiveVersion = 1;
	classes = {
	};
	objectVersion = 46;
	objects = {

/* Begin PBXGroup section */
		9C2DAA0D1ACF266C00EB103A = {
			isa = PBXGroup;
			children = (
			);
			sourceTree = "<group>";
		};
/* End PBXGroup section */

/* Begin PBXProject section */
		9C2DAA0E1ACF266C00EB103A /* Project object */ = {
			isa = PBXProject;
			attributes = {
				LastUpgradeCheck = 0620;
			};
			buildConfigurationList = 9C2DAA111ACF266C00EB103A /* Build configuration list for PBXProject "LazyAssert" */;
			compatibilityVersion = "Xcode 3.2";
			developmentRegion = English;
			hasScannedForEncodings = 0;
			knownRegions = (
				en,
			);
			mainGroup = 9C2DAA0D1ACF266C00EB103A;
			projectDirPath = "";
			projectRoot = "";
			targets = (
			);
		};
/* End PBXProject section */

/* Begin XCBuildConfiguration section */
		9C2DAA121ACF266C00EB103A /* Debug */ = {
			isa = XCBuildConfiguration;
			buildSettings = {
			};
			name = Debug;
		};
		9C2DAA131ACF266C00EB103A /* Release */ = {
			isa = XCBuildConfiguration;
			buildSettings = {
			};
			name = Release;
		};
/* End XCBuildConfiguration section */

/* Begin XCConfigurationList section */
		9C2DAA111ACF266C00EB103A /* Build configuration list for PBXProject "LazyAssert" */ = {
			isa = XCConfigurationList;
			buildConfigurations = (
				9C2DAA121ACF266C00EB103A /* Debug */,
				9C2DAA131ACF266C00EB103A /* Release */,
			);
			defaultConfigurationIsVisible = 0;
			defaultConfigurationName = Release;
		};
/* End XCConfigurationList section */
	};
	rootObject = 9C2DAA0E1ACF266C00EB103A /* Project object */;
}
